
Microsoft Visual Studio Solution File, Format Version 12.00
# Visual Studio Version 17
VisualStudioVersion = 17.8.34330.188
MinimumVisualStudioVersion = 10.0.40219.1
Project("{2150E333-8FDC-42A3-9474-1A3956D46DE8}") = "1.Fundamentals", "1.Fundamentals", "{196752BA-EB27-45D0-ACA3-8C52AADE3330}"
EndProject
Project("{2150E333-8FDC-42A3-9474-1A3956D46DE8}") = "src", "src", "{84B71F45-2220-44A5-8D1D-814912A15565}"
EndProject
Project("{2150E333-8FDC-42A3-9474-1A3956D46DE8}") = "test", "test", "{CA395D88-2D6C-4127-8F7F-183F913F8880}"
	ProjectSection(SolutionItems) = preProject
		Ödev1.txt = Ödev1.txt
	EndProjectSection
EndProject
Project("{9A19103F-16F7-4668-BE54-9A1E7A4F7556}") = "CalculatorLibrary", "1.Fundamentals\src\CalculatorLibrary\CalculatorLibrary.csproj", "{990C1DD1-D4BB-4A70-AB1E-95B89E22D703}"
EndProject
Project("{9A19103F-16F7-4668-BE54-9A1E7A4F7556}") = "CalculatorLibrary.Tests.Unit", "1.Fundamentals\test\CalculatorLibraryTests\CalculatorLibrary.Tests.Unit.csproj", "{BB2AB9EF-F033-4076-8B2F-E7A71B4A62F3}"
EndProject
Project("{2150E333-8FDC-42A3-9474-1A3956D46DE8}") = "2.Techniques", "2.Techniques", "{FBD2FCF6-F090-44DB-80EC-C8C18DF2F96A}"
EndProject
Project("{2150E333-8FDC-42A3-9474-1A3956D46DE8}") = "src", "src", "{B2F0A615-B41C-436C-962F-18DDB8D031AC}"
EndProject
Project("{2150E333-8FDC-42A3-9474-1A3956D46DE8}") = "test", "test", "{E8A5E3BF-98EC-4D31-BE93-A0B77DA5E897}"
EndProject
Project("{9A19103F-16F7-4668-BE54-9A1E7A4F7556}") = "TestingTechniques", "2.Techniques\src\TestingTechniques\TestingTechniques.csproj", "{01D3BD20-3F97-4A2B-B694-1A2110DC7BCF}"
EndProject
Project("{9A19103F-16F7-4668-BE54-9A1E7A4F7556}") = "TestingTechniques.Test.Unit", "2.Techniques\test\TestingTechniques.Test.Unit\TestingTechniques.Test.Unit.csproj", "{54DCB332-6F91-405B-8DCB-0BBFC516C40D}"
EndProject
Project("{2150E333-8FDC-42A3-9474-1A3956D46DE8}") = "3.Concepts", "3.Concepts", "{338910EB-7F7A-4182-A34D-89E76347F6BC}"
EndProject
Project("{2150E333-8FDC-42A3-9474-1A3956D46DE8}") = "src", "src", "{1A1CCB84-10D1-43DB-91E3-F386E001EA76}"
EndProject
Project("{2150E333-8FDC-42A3-9474-1A3956D46DE8}") = "test", "test", "{3865FDCD-146B-4E31-BDFD-C87D128768BA}"
EndProject
Project("{9A19103F-16F7-4668-BE54-9A1E7A4F7556}") = "UnderstandingDependecies.Api", "3.Concepts\src\UnderstandingDependecies.Api\UnderstandingDependecies.Api.csproj", "{8912318C-5D37-41BD-AE46-E09C3F89FB66}"
EndProject
Project("{9A19103F-16F7-4668-BE54-9A1E7A4F7556}") = "UnderstandingDependencies.Api.Tests.Unit", "3.Concepts\test\UnderstandingDependencies.Api.Tests.Unit\UnderstandingDependencies.Api.Tests.Unit.csproj", "{B84298E1-BD8A-44E0-AAF7-BA1C8850EC25}"
EndProject
Project("{2150E333-8FDC-42A3-9474-1A3956D46DE8}") = "4.RealWorld", "4.RealWorld", "{E62813FC-C521-412D-AC5C-BE2B1105628A}"
EndProject
Project("{2150E333-8FDC-42A3-9474-1A3956D46DE8}") = "src", "src", "{84B86EA3-3FB9-41E2-8E31-103A92B04B52}"
EndProject
Project("{2150E333-8FDC-42A3-9474-1A3956D46DE8}") = "test", "test", "{A82162A1-F56B-454A-BC39-2D6613ADE952}"
EndProject
Project("{9A19103F-16F7-4668-BE54-9A1E7A4F7556}") = "Users.Api", "4.RealWorld\src\Users.Api\Users.Api.csproj", "{832CC0D9-8757-4729-BC78-692B191148F4}"
EndProject
Project("{9A19103F-16F7-4668-BE54-9A1E7A4F7556}") = "Users.Api.Tests.Unit", "4.RealWorld\test\Users.Api.Tests.Unit\Users.Api.Tests.Unit.csproj", "{CA2CF5F0-3BC7-4FAA-A455-9DBC7B671528}"
EndProject
Global
	GlobalSection(SolutionConfigurationPlatforms) = preSolution
		Debug|Any CPU = Debug|Any CPU
		Release|Any CPU = Release|Any CPU
	EndGlobalSection
	GlobalSection(ProjectConfigurationPlatforms) = postSolution
		{990C1DD1-D4BB-4A70-AB1E-95B89E22D703}.Debug|Any CPU.ActiveCfg = Debug|Any CPU
		{990C1DD1-D4BB-4A70-AB1E-95B89E22D703}.Debug|Any CPU.Build.0 = Debug|Any CPU
		{990C1DD1-D4BB-4A70-AB1E-95B89E22D703}.Release|Any CPU.ActiveCfg = Release|Any CPU
		{990C1DD1-D4BB-4A70-AB1E-95B89E22D703}.Release|Any CPU.Build.0 = Release|Any CPU
		{BB2AB9EF-F033-4076-8B2F-E7A71B4A62F3}.Debug|Any CPU.ActiveCfg = Debug|Any CPU
		{BB2AB9EF-F033-4076-8B2F-E7A71B4A62F3}.Debug|Any CPU.Build.0 = Debug|Any CPU
		{BB2AB9EF-F033-4076-8B2F-E7A71B4A62F3}.Release|Any CPU.ActiveCfg = Release|Any CPU
		{BB2AB9EF-F033-4076-8B2F-E7A71B4A62F3}.Release|Any CPU.Build.0 = Release|Any CPU
		{01D3BD20-3F97-4A2B-B694-1A2110DC7BCF}.Debug|Any CPU.ActiveCfg = Debug|Any CPU
		{01D3BD20-3F97-4A2B-B694-1A2110DC7BCF}.Debug|Any CPU.Build.0 = Debug|Any CPU
		{01D3BD20-3F97-4A2B-B694-1A2110DC7BCF}.Release|Any CPU.ActiveCfg = Release|Any CPU
		{01D3BD20-3F97-4A2B-B694-1A2110DC7BCF}.Release|Any CPU.Build.0 = Release|Any CPU
		{54DCB332-6F91-405B-8DCB-0BBFC516C40D}.Debug|Any CPU.ActiveCfg = Debug|Any CPU
		{54DCB332-6F91-405B-8DCB-0BBFC516C40D}.Debug|Any CPU.Build.0 = Debug|Any CPU
		{54DCB332-6F91-405B-8DCB-0BBFC516C40D}.Release|Any CPU.ActiveCfg = Release|Any CPU
		{54DCB332-6F91-405B-8DCB-0BBFC516C40D}.Release|Any CPU.Build.0 = Release|Any CPU
		{8912318C-5D37-41BD-AE46-E09C3F89FB66}.Debug|Any CPU.ActiveCfg = Debug|Any CPU
		{8912318C-5D37-41BD-AE46-E09C3F89FB66}.Debug|Any CPU.Build.0 = Debug|Any CPU
		{8912318C-5D37-41BD-AE46-E09C3F89FB66}.Release|Any CPU.ActiveCfg = Release|Any CPU
		{8912318C-5D37-41BD-AE46-E09C3F89FB66}.Release|Any CPU.Build.0 = Release|Any CPU
		{B84298E1-BD8A-44E0-AAF7-BA1C8850EC25}.Debug|Any CPU.ActiveCfg = Debug|Any CPU
		{B84298E1-BD8A-44E0-AAF7-BA1C8850EC25}.Debug|Any CPU.Build.0 = Debug|Any CPU
		{B84298E1-BD8A-44E0-AAF7-BA1C8850EC25}.Release|Any CPU.ActiveCfg = Release|Any CPU
		{B84298E1-BD8A-44E0-AAF7-BA1C8850EC25}.Release|Any CPU.Build.0 = Release|Any CPU
		{832CC0D9-8757-4729-BC78-692B191148F4}.Debug|Any CPU.ActiveCfg = Debug|Any CPU
		{832CC0D9-8757-4729-BC78-692B191148F4}.Debug|Any CPU.Build.0 = Debug|Any CPU
		{832CC0D9-8757-4729-BC78-692B191148F4}.Release|Any CPU.ActiveCfg = Release|Any CPU
		{832CC0D9-8757-4729-BC78-692B191148F4}.Release|Any CPU.Build.0 = Release|Any CPU
		{CA2CF5F0-3BC7-4FAA-A455-9DBC7B671528}.Debug|Any CPU.ActiveCfg = Debug|Any CPU
		{CA2CF5F0-3BC7-4FAA-A455-9DBC7B671528}.Debug|Any CPU.Build.0 = Debug|Any CPU
		{CA2CF5F0-3BC7-4FAA-A455-9DBC7B671528}.Release|Any CPU.ActiveCfg = Release|Any CPU
		{CA2CF5F0-3BC7-4FAA-A455-9DBC7B671528}.Release|Any CPU.Build.0 = Release|Any CPU
	EndGlobalSection
	GlobalSection(SolutionProperties) = preSolution
		HideSolutionNode = FALSE
	EndGlobalSection
	GlobalSection(NestedProjects) = preSolution
		{84B71F45-2220-44A5-8D1D-814912A15565} = {196752BA-EB27-45D0-ACA3-8C52AADE3330}
		{CA395D88-2D6C-4127-8F7F-183F913F8880} = {196752BA-EB27-45D0-ACA3-8C52AADE3330}
		{990C1DD1-D4BB-4A70-AB1E-95B89E22D703} = {84B71F45-2220-44A5-8D1D-814912A15565}
		{BB2AB9EF-F033-4076-8B2F-E7A71B4A62F3} = {CA395D88-2D6C-4127-8F7F-183F913F8880}
		{B2F0A615-B41C-436C-962F-18DDB8D031AC} = {FBD2FCF6-F090-44DB-80EC-C8C18DF2F96A}
		{E8A5E3BF-98EC-4D31-BE93-A0B77DA5E897} = {FBD2FCF6-F090-44DB-80EC-C8C18DF2F96A}
		{01D3BD20-3F97-4A2B-B694-1A2110DC7BCF} = {B2F0A615-B41C-436C-962F-18DDB8D031AC}
		{54DCB332-6F91-405B-8DCB-0BBFC516C40D} = {E8A5E3BF-98EC-4D31-BE93-A0B77DA5E897}
		{1A1CCB84-10D1-43DB-91E3-F386E001EA76} = {338910EB-7F7A-4182-A34D-89E76347F6BC}
		{3865FDCD-146B-4E31-BDFD-C87D128768BA} = {338910EB-7F7A-4182-A34D-89E76347F6BC}
		{8912318C-5D37-41BD-AE46-E09C3F89FB66} = {1A1CCB84-10D1-43DB-91E3-F386E001EA76}
		{B84298E1-BD8A-44E0-AAF7-BA1C8850EC25} = {3865FDCD-146B-4E31-BDFD-C87D128768BA}
		{84B86EA3-3FB9-41E2-8E31-103A92B04B52} = {E62813FC-C521-412D-AC5C-BE2B1105628A}
		{A82162A1-F56B-454A-BC39-2D6613ADE952} = {E62813FC-C521-412D-AC5C-BE2B1105628A}
		{832CC0D9-8757-4729-BC78-692B191148F4} = {84B86EA3-3FB9-41E2-8E31-103A92B04B52}
		{CA2CF5F0-3BC7-4FAA-A455-9DBC7B671528} = {A82162A1-F56B-454A-BC39-2D6613ADE952}
	EndGlobalSection
	GlobalSection(ExtensibilityGlobals) = postSolution
		SolutionGuid = {613BD35D-7EAC-41CE-A10C-E5E243CBA1A4}
	EndGlobalSection
EndGlobal
