
Microsoft Visual Studio Solution File, Format Version 12.00
# Visual Studio Version 17
VisualStudioVersion = 17.8.34330.188
MinimumVisualStudioVersion = 10.0.40219.1
Project("{2150E333-8FDC-42A3-9474-1A3956D46DE8}") = "Fundamentals", "Fundamentals", "{196752BA-EB27-45D0-ACA3-8C52AADE3330}"
EndProject
Project("{FAE04EC0-301F-11D3-BF4B-00C04F79EFBC}") = "CalculatorLibrary", "CalculatorLibrary\CalculatorLibrary.csproj", "{6AAB500A-5AF4-4824-924A-CCC94FB38123}"
EndProject
Project("{FAE04EC0-301F-11D3-BF4B-00C04F79EFBC}") = "CalculatorLibraryTests", "CalculatorLibraryTests\CalculatorLibraryTests.csproj", "{45D98F78-28DE-4509-ABCA-E9EA0A62EEE0}"
EndProject
Global
	GlobalSection(SolutionConfigurationPlatforms) = preSolution
		Debug|Any CPU = Debug|Any CPU
		Release|Any CPU = Release|Any CPU
	EndGlobalSection
	GlobalSection(ProjectConfigurationPlatforms) = postSolution
		{6AAB500A-5AF4-4824-924A-CCC94FB38123}.Debug|Any CPU.ActiveCfg = Debug|Any CPU
		{6AAB500A-5AF4-4824-924A-CCC94FB38123}.Debug|Any CPU.Build.0 = Debug|Any CPU
		{6AAB500A-5AF4-4824-924A-CCC94FB38123}.Release|Any CPU.ActiveCfg = Release|Any CPU
		{6AAB500A-5AF4-4824-924A-CCC94FB38123}.Release|Any CPU.Build.0 = Release|Any CPU
		{45D98F78-28DE-4509-ABCA-E9EA0A62EEE0}.Debug|Any CPU.ActiveCfg = Debug|Any CPU
		{45D98F78-28DE-4509-ABCA-E9EA0A62EEE0}.Debug|Any CPU.Build.0 = Debug|Any CPU
		{45D98F78-28DE-4509-ABCA-E9EA0A62EEE0}.Release|Any CPU.ActiveCfg = Release|Any CPU
		{45D98F78-28DE-4509-ABCA-E9EA0A62EEE0}.Release|Any CPU.Build.0 = Release|Any CPU
	EndGlobalSection
	GlobalSection(SolutionProperties) = preSolution
		HideSolutionNode = FALSE
	EndGlobalSection
	GlobalSection(NestedProjects) = preSolution
		{6AAB500A-5AF4-4824-924A-CCC94FB38123} = {196752BA-EB27-45D0-ACA3-8C52AADE3330}
		{45D98F78-28DE-4509-ABCA-E9EA0A62EEE0} = {196752BA-EB27-45D0-ACA3-8C52AADE3330}
	EndGlobalSection
	GlobalSection(ExtensibilityGlobals) = postSolution
		SolutionGuid = {613BD35D-7EAC-41CE-A10C-E5E243CBA1A4}
	EndGlobalSection
EndGlobal
